
Microsoft Visual Studio Solution File, Format Version 12.00
# Visual Studio 2012
Project("{FAE04EC0-301F-11D3-BF4B-00C04F79EFBC}") = "TestApp76543", "TestApp76543\TestApp76543.csproj", "{A64BEF92-9F3A-4625-B83D-5308FC113E15}"
EndProject
Global
	GlobalSection(SolutionConfigurationPlatforms) = preSolution
		Debug|Any CPU = Debug|Any CPU
		Release|Any CPU = Release|Any CPU
	EndGlobalSection
	GlobalSection(ProjectConfigurationPlatforms) = postSolution
		{A64BEF92-9F3A-4625-B83D-5308FC113E15}.Debug|Any CPU.ActiveCfg = Debug|Any CPU
		{A64BEF92-9F3A-4625-B83D-5308FC113E15}.Debug|Any CPU.Build.0 = Debug|Any CPU
		{A64BEF92-9F3A-4625-B83D-5308FC113E15}.Release|Any CPU.ActiveCfg = Release|Any CPU
		{A64BEF92-9F3A-4625-B83D-5308FC113E15}.Release|Any CPU.Build.0 = Release|Any CPU
	EndGlobalSection
	GlobalSection(MonoDevelopProperties) = preSolution
		StartupItem = TestApp76543\TestApp76543.csproj
	EndGlobalSection
EndGlobal
